
Microsoft Visual Studio Solution File, Format Version 12.00
# Visual Studio Version 17
VisualStudioVersion = 17.9.34902.65
MinimumVisualStudioVersion = 10.0.40219.1
Project("{9A19103F-16F7-4668-BE54-9A1E7A4F7556}") = "RightVisionBot", "RightVisionBot.csproj", "{A1C256D4-EF12-4A93-AD88-575F929E6026}"
EndProject
Global
	GlobalSection(SolutionConfigurationPlatforms) = preSolution
		Debug|Any CPU = Debug|Any CPU
		Release|Any CPU = Release|Any CPU
	EndGlobalSection
	GlobalSection(ProjectConfigurationPlatforms) = postSolution
		{A1C256D4-EF12-4A93-AD88-575F929E6026}.Debug|Any CPU.ActiveCfg = Debug|Any CPU
		{A1C256D4-EF12-4A93-AD88-575F929E6026}.Debug|Any CPU.Build.0 = Debug|Any CPU
		{A1C256D4-EF12-4A93-AD88-575F929E6026}.Release|Any CPU.ActiveCfg = Release|Any CPU
		{A1C256D4-EF12-4A93-AD88-575F929E6026}.Release|Any CPU.Build.0 = Release|Any CPU
	EndGlobalSection
	GlobalSection(SolutionProperties) = preSolution
		HideSolutionNode = FALSE
	EndGlobalSection
	GlobalSection(ExtensibilityGlobals) = postSolution
		SolutionGuid = {1B8E305F-CFD2-44D0-A835-D58FBBE47287}
	EndGlobalSection
EndGlobal
